
Microsoft Visual Studio Solution File, Format Version 12.00
# Visual Studio Version 16
VisualStudioVersion = 16.0.810.9
MinimumVisualStudioVersion = 10.0.40219.1
Project("{FAE04EC0-301F-11D3-BF4B-00C04F79EFBC}") = "Emp-Wage", "Emp-Wage\Emp-Wage.csproj", "{6E9ACE52-9A2D-42B3-A3A0-9A808AB6A129}"
EndProject
Global
	GlobalSection(SolutionConfigurationPlatforms) = preSolution
		Debug|Any CPU = Debug|Any CPU
		Release|Any CPU = Release|Any CPU
	EndGlobalSection
	GlobalSection(ProjectConfigurationPlatforms) = postSolution
		{6E9ACE52-9A2D-42B3-A3A0-9A808AB6A129}.Debug|Any CPU.ActiveCfg = Debug|Any CPU
		{6E9ACE52-9A2D-42B3-A3A0-9A808AB6A129}.Debug|Any CPU.Build.0 = Debug|Any CPU
		{6E9ACE52-9A2D-42B3-A3A0-9A808AB6A129}.Release|Any CPU.ActiveCfg = Release|Any CPU
		{6E9ACE52-9A2D-42B3-A3A0-9A808AB6A129}.Release|Any CPU.Build.0 = Release|Any CPU
	EndGlobalSection
	GlobalSection(SolutionProperties) = preSolution
		HideSolutionNode = FALSE
	EndGlobalSection
	GlobalSection(ExtensibilityGlobals) = postSolution
		SolutionGuid = {001B80BC-91EE-4118-AA62-81F80968822B}
	EndGlobalSection
EndGlobal
